{
  "name": "ABOO-download",
  "version": "1.0.0",
  "lockfileVersion": 1,
  "requires": true,
  "dependencies": {
    "animate.css": {
      "version": "3.5.2",
      "resolved": "https://registry.npmjs.org/animate.css/-/animate.css-3.5.2.tgz",
      "integrity": "sha1-keZo3AaagI5eSZUUhnuXquAWbDY="
    },
    "zepto": {
      "version": "1.2.0",
      "resolved": "http://registry.npm.taobao.org/zepto/download/zepto-1.2.0.tgz",
      "integrity": "sha1-4Se9nmb9hGvl6rSME5SIL3wOT5g="
    }
  }
}
